// !$*UTF8*$!
{
	archiveVersion = 1;
	classes = {
	};
	objectVersion = 56;
	objects = {

/* Begin PBXBuildFile section */
		043BD35C2A02B57E00BDF376 /* ALP_MoneyManagementApp.swift in Sources */ = {isa = PBXBuildFile; fileRef = 043BD35B2A02B57E00BDF376 /* ALP_MoneyManagementApp.swift */; };
		043BD35E2A02B57E00BDF376 /* ContentView.swift in Sources */ = {isa = PBXBuildFile; fileRef = 043BD35D2A02B57E00BDF376 /* ContentView.swift */; };
		043BD3602A02B58000BDF376 /* Assets.xcassets in Resources */ = {isa = PBXBuildFile; fileRef = 043BD35F2A02B58000BDF376 /* Assets.xcassets */; };
		043BD3632A02B58000BDF376 /* Preview Assets.xcassets in Resources */ = {isa = PBXBuildFile; fileRef = 043BD3622A02B58000BDF376 /* Preview Assets.xcassets */; };
		043BD36A2A02B5EB00BDF376 /* InputIncome.swift in Sources */ = {isa = PBXBuildFile; fileRef = 043BD3692A02B5EB00BDF376 /* InputIncome.swift */; };
		043BD36F2A02BC1300BDF376 /* incomeData.json in Resources */ = {isa = PBXBuildFile; fileRef = 043BD36D2A02BC1300BDF376 /* incomeData.json */; };
		043BD3702A02BC1300BDF376 /* expensesData.json in Resources */ = {isa = PBXBuildFile; fileRef = 043BD36E2A02BC1300BDF376 /* expensesData.json */; };
		043BD3732A02BC6300BDF376 /* Income.swift in Sources */ = {isa = PBXBuildFile; fileRef = 043BD3722A02BC6300BDF376 /* Income.swift */; };
		043BD3752A02BD0100BDF376 /* Expenses.swift in Sources */ = {isa = PBXBuildFile; fileRef = 043BD3742A02BD0100BDF376 /* Expenses.swift */; };
		043BD3772A02BD2000BDF376 /* ModelData.swift in Sources */ = {isa = PBXBuildFile; fileRef = 043BD3762A02BD2000BDF376 /* ModelData.swift */; };
		043BD3792A02C0A200BDF376 /* Savings.swift in Sources */ = {isa = PBXBuildFile; fileRef = 043BD3782A02C0A200BDF376 /* Savings.swift */; };
		043BD37B2A03443100BDF376 /* MainScreen.swift in Sources */ = {isa = PBXBuildFile; fileRef = 043BD37A2A03443100BDF376 /* MainScreen.swift */; };
		043BD37D2A03571500BDF376 /* InputExpenses.swift in Sources */ = {isa = PBXBuildFile; fileRef = 043BD37C2A03571500BDF376 /* InputExpenses.swift */; };
		043BD37F2A035A4B00BDF376 /* InputSavings.swift in Sources */ = {isa = PBXBuildFile; fileRef = 043BD37E2A035A4B00BDF376 /* InputSavings.swift */; };
/* End PBXBuildFile section */

/* Begin PBXFileReference section */
		043BD3582A02B57E00BDF376 /* ALP_MoneyManagement.app */ = {isa = PBXFileReference; explicitFileType = wrapper.application; includeInIndex = 0; path = ALP_MoneyManagement.app; sourceTree = BUILT_PRODUCTS_DIR; };
		043BD35B2A02B57E00BDF376 /* ALP_MoneyManagementApp.swift */ = {isa = PBXFileReference; lastKnownFileType = sourcecode.swift; path = ALP_MoneyManagementApp.swift; sourceTree = "<group>"; };
		043BD35D2A02B57E00BDF376 /* ContentView.swift */ = {isa = PBXFileReference; lastKnownFileType = sourcecode.swift; path = ContentView.swift; sourceTree = "<group>"; };
		043BD35F2A02B58000BDF376 /* Assets.xcassets */ = {isa = PBXFileReference; lastKnownFileType = folder.assetcatalog; path = Assets.xcassets; sourceTree = "<group>"; };
		043BD3622A02B58000BDF376 /* Preview Assets.xcassets */ = {isa = PBXFileReference; lastKnownFileType = folder.assetcatalog; path = "Preview Assets.xcassets"; sourceTree = "<group>"; };
		043BD3692A02B5EB00BDF376 /* InputIncome.swift */ = {isa = PBXFileReference; lastKnownFileType = sourcecode.swift; path = InputIncome.swift; sourceTree = "<group>"; };
		043BD36D2A02BC1300BDF376 /* incomeData.json */ = {isa = PBXFileReference; fileEncoding = 4; lastKnownFileType = text.json; path = incomeData.json; sourceTree = "<group>"; };
		043BD36E2A02BC1300BDF376 /* expensesData.json */ = {isa = PBXFileReference; fileEncoding = 4; lastKnownFileType = text.json; path = expensesData.json; sourceTree = "<group>"; };
		043BD3722A02BC6300BDF376 /* Income.swift */ = {isa = PBXFileReference; lastKnownFileType = sourcecode.swift; path = Income.swift; sourceTree = "<group>"; };
		043BD3742A02BD0100BDF376 /* Expenses.swift */ = {isa = PBXFileReference; lastKnownFileType = sourcecode.swift; path = Expenses.swift; sourceTree = "<group>"; };
		043BD3762A02BD2000BDF376 /* ModelData.swift */ = {isa = PBXFileReference; lastKnownFileType = sourcecode.swift; path = ModelData.swift; sourceTree = "<group>"; };
		043BD3782A02C0A200BDF376 /* Savings.swift */ = {isa = PBXFileReference; lastKnownFileType = sourcecode.swift; path = Savings.swift; sourceTree = "<group>"; };
		043BD37A2A03443100BDF376 /* MainScreen.swift */ = {isa = PBXFileReference; lastKnownFileType = sourcecode.swift; path = MainScreen.swift; sourceTree = "<group>"; };
		043BD37C2A03571500BDF376 /* InputExpenses.swift */ = {isa = PBXFileReference; lastKnownFileType = sourcecode.swift; path = InputExpenses.swift; sourceTree = "<group>"; };
		043BD37E2A035A4B00BDF376 /* InputSavings.swift */ = {isa = PBXFileReference; lastKnownFileType = sourcecode.swift; path = InputSavings.swift; sourceTree = "<group>"; };
/* End PBXFileReference section */

/* Begin PBXFrameworksBuildPhase section */
		043BD3552A02B57E00BDF376 /* Frameworks */ = {
			isa = PBXFrameworksBuildPhase;
			buildActionMask = 2147483647;
			files = (
			);
			runOnlyForDeploymentPostprocessing = 0;
		};
/* End PBXFrameworksBuildPhase section */

/* Begin PBXGroup section */
		043BD34F2A02B57E00BDF376 = {
			isa = PBXGroup;
			children = (
				043BD35A2A02B57E00BDF376 /* ALP_MoneyManagement */,
				043BD3592A02B57E00BDF376 /* Products */,
			);
			sourceTree = "<group>";
		};
		043BD3592A02B57E00BDF376 /* Products */ = {
			isa = PBXGroup;
			children = (
				043BD3582A02B57E00BDF376 /* ALP_MoneyManagement.app */,
			);
			name = Products;
			sourceTree = "<group>";
		};
		043BD35A2A02B57E00BDF376 /* ALP_MoneyManagement */ = {
			isa = PBXGroup;
			children = (
				043BD36C2A02BBC700BDF376 /* Views */,
				043BD3712A02BC3200BDF376 /* Model */,
				043BD36B2A02BBB700BDF376 /* Resources */,
				043BD35B2A02B57E00BDF376 /* ALP_MoneyManagementApp.swift */,
				043BD35F2A02B58000BDF376 /* Assets.xcassets */,
				043BD3612A02B58000BDF376 /* Preview Content */,
			);
			path = ALP_MoneyManagement;
			sourceTree = "<group>";
		};
		043BD3612A02B58000BDF376 /* Preview Content */ = {
			isa = PBXGroup;
			children = (
				043BD3622A02B58000BDF376 /* Preview Assets.xcassets */,
			);
			path = "Preview Content";
			sourceTree = "<group>";
		};
		043BD36B2A02BBB700BDF376 /* Resources */ = {
			isa = PBXGroup;
			children = (
				043BD36E2A02BC1300BDF376 /* expensesData.json */,
				043BD36D2A02BC1300BDF376 /* incomeData.json */,
			);
			path = Resources;
			sourceTree = "<group>";
		};
		043BD36C2A02BBC700BDF376 /* Views */ = {
			isa = PBXGroup;
			children = (
				043BD3692A02B5EB00BDF376 /* InputIncome.swift */,
				043BD37C2A03571500BDF376 /* InputExpenses.swift */,
				043BD37E2A035A4B00BDF376 /* InputSavings.swift */,
				043BD35D2A02B57E00BDF376 /* ContentView.swift */,
				043BD37A2A03443100BDF376 /* MainScreen.swift */,
			);
			path = Views;
			sourceTree = "<group>";
		};
		043BD3712A02BC3200BDF376 /* Model */ = {
			isa = PBXGroup;
			children = (
				043BD3722A02BC6300BDF376 /* Income.swift */,
				043BD3742A02BD0100BDF376 /* Expenses.swift */,
				043BD3782A02C0A200BDF376 /* Savings.swift */,
				043BD3762A02BD2000BDF376 /* ModelData.swift */,
			);
			path = Model;
			sourceTree = "<group>";
		};
/* End PBXGroup section */

/* Begin PBXNativeTarget section */
		043BD3572A02B57E00BDF376 /* ALP_MoneyManagement */ = {
			isa = PBXNativeTarget;
			buildConfigurationList = 043BD3662A02B58000BDF376 /* Build configuration list for PBXNativeTarget "ALP_MoneyManagement" */;
			buildPhases = (
				043BD3542A02B57E00BDF376 /* Sources */,
				043BD3552A02B57E00BDF376 /* Frameworks */,
				043BD3562A02B57E00BDF376 /* Resources */,
			);
			buildRules = (
			);
			dependencies = (
			);
			name = ALP_MoneyManagement;
			productName = ALP_MoneyManagement;
			productReference = 043BD3582A02B57E00BDF376 /* ALP_MoneyManagement.app */;
			productType = "com.apple.product-type.application";
		};
/* End PBXNativeTarget section */

/* Begin PBXProject section */
		043BD3502A02B57E00BDF376 /* Project object */ = {
			isa = PBXProject;
			attributes = {
				BuildIndependentTargetsInParallel = 1;
				LastSwiftUpdateCheck = 1430;
				LastUpgradeCheck = 1430;
				TargetAttributes = {
					043BD3572A02B57E00BDF376 = {
						CreatedOnToolsVersion = 14.3;
					};
				};
			};
			buildConfigurationList = 043BD3532A02B57E00BDF376 /* Build configuration list for PBXProject "ALP_MoneyManagement" */;
			compatibilityVersion = "Xcode 14.0";
			developmentRegion = en;
			hasScannedForEncodings = 0;
			knownRegions = (
				en,
				Base,
			);
			mainGroup = 043BD34F2A02B57E00BDF376;
			productRefGroup = 043BD3592A02B57E00BDF376 /* Products */;
			projectDirPath = "";
			projectRoot = "";
			targets = (
				043BD3572A02B57E00BDF376 /* ALP_MoneyManagement */,
			);
		};
/* End PBXProject section */

/* Begin PBXResourcesBuildPhase section */
		043BD3562A02B57E00BDF376 /* Resources */ = {
			isa = PBXResourcesBuildPhase;
			buildActionMask = 2147483647;
			files = (
				043BD3632A02B58000BDF376 /* Preview Assets.xcassets in Resources */,
				043BD36F2A02BC1300BDF376 /* incomeData.json in Resources */,
				043BD3702A02BC1300BDF376 /* expensesData.json in Resources */,
				043BD3602A02B58000BDF376 /* Assets.xcassets in Resources */,
			);
			runOnlyForDeploymentPostprocessing = 0;
		};
/* End PBXResourcesBuildPhase section */

/* Begin PBXSourcesBuildPhase section */
		043BD3542A02B57E00BDF376 /* Sources */ = {
			isa = PBXSourcesBuildPhase;
			buildActionMask = 2147483647;
			files = (
				043BD37B2A03443100BDF376 /* MainScreen.swift in Sources */,
				043BD37D2A03571500BDF376 /* InputExpenses.swift in Sources */,
				043BD3752A02BD0100BDF376 /* Expenses.swift in Sources */,
				043BD3792A02C0A200BDF376 /* Savings.swift in Sources */,
				043BD37F2A035A4B00BDF376 /* InputSavings.swift in Sources */,
				043BD36A2A02B5EB00BDF376 /* InputIncome.swift in Sources */,
				043BD35E2A02B57E00BDF376 /* ContentView.swift in Sources */,
				043BD3732A02BC6300BDF376 /* Income.swift in Sources */,
				043BD35C2A02B57E00BDF376 /* ALP_MoneyManagementApp.swift in Sources */,
				043BD3772A02BD2000BDF376 /* ModelData.swift in Sources */,
			);
			runOnlyForDeploymentPostprocessing = 0;
		};
/* End PBXSourcesBuildPhase section */

/* Begin XCBuildConfiguration section */
		043BD3642A02B58000BDF376 /* Debug */ = {
			isa = XCBuildConfiguration;
			buildSettings = {
				ALWAYS_SEARCH_USER_PATHS = NO;
				CLANG_ANALYZER_NONNULL = YES;
				CLANG_ANALYZER_NUMBER_OBJECT_CONVERSION = YES_AGGRESSIVE;
				CLANG_CXX_LANGUAGE_STANDARD = "gnu++20";
				CLANG_ENABLE_MODULES = YES;
				CLANG_ENABLE_OBJC_ARC = YES;
				CLANG_ENABLE_OBJC_WEAK = YES;
				CLANG_WARN_BLOCK_CAPTURE_AUTORELEASING = YES;
				CLANG_WARN_BOOL_CONVERSION = YES;
				CLANG_WARN_COMMA = YES;
				CLANG_WARN_CONSTANT_CONVERSION = YES;
				CLANG_WARN_DEPRECATED_OBJC_IMPLEMENTATIONS = YES;
				CLANG_WARN_DIRECT_OBJC_ISA_USAGE = YES_ERROR;
				CLANG_WARN_DOCUMENTATION_COMMENTS = YES;
				CLANG_WARN_EMPTY_BODY = YES;
				CLANG_WARN_ENUM_CONVERSION = YES;
				CLANG_WARN_INFINITE_RECURSION = YES;
				CLANG_WARN_INT_CONVERSION = YES;
				CLANG_WARN_NON_LITERAL_NULL_CONVERSION = YES;
				CLANG_WARN_OBJC_IMPLICIT_RETAIN_SELF = YES;
				CLANG_WARN_OBJC_LITERAL_CONVERSION = YES;
				CLANG_WARN_OBJC_ROOT_CLASS = YES_ERROR;
				CLANG_WARN_QUOTED_INCLUDE_IN_FRAMEWORK_HEADER = YES;
				CLANG_WARN_RANGE_LOOP_ANALYSIS = YES;
				CLANG_WARN_STRICT_PROTOTYPES = YES;
				CLANG_WARN_SUSPICIOUS_MOVE = YES;
				CLANG_WARN_UNGUARDED_AVAILABILITY = YES_AGGRESSIVE;
				CLANG_WARN_UNREACHABLE_CODE = YES;
				CLANG_WARN__DUPLICATE_METHOD_MATCH = YES;
				COPY_PHASE_STRIP = NO;
				DEBUG_INFORMATION_FORMAT = dwarf;
				ENABLE_STRICT_OBJC_MSGSEND = YES;
				ENABLE_TESTABILITY = YES;
				GCC_C_LANGUAGE_STANDARD = gnu11;
				GCC_DYNAMIC_NO_PIC = NO;
				GCC_NO_COMMON_BLOCKS = YES;
				GCC_OPTIMIZATION_LEVEL = 0;
				GCC_PREPROCESSOR_DEFINITIONS = (
					"DEBUG=1",
					"$(inherited)",
				);
				GCC_WARN_64_TO_32_BIT_CONVERSION = YES;
				GCC_WARN_ABOUT_RETURN_TYPE = YES_ERROR;
				GCC_WARN_UNDECLARED_SELECTOR = YES;
				GCC_WARN_UNINITIALIZED_AUTOS = YES_AGGRESSIVE;
				GCC_WARN_UNUSED_FUNCTION = YES;
				GCC_WARN_UNUSED_VARIABLE = YES;
				IPHONEOS_DEPLOYMENT_TARGET = 16.4;
				MTL_ENABLE_DEBUG_INFO = INCLUDE_SOURCE;
				MTL_FAST_MATH = YES;
				ONLY_ACTIVE_ARCH = YES;
				SDKROOT = iphoneos;
				SWIFT_ACTIVE_COMPILATION_CONDITIONS = DEBUG;
				SWIFT_OPTIMIZATION_LEVEL = "-Onone";
			};
			name = Debug;
		};
		043BD3652A02B58000BDF376 /* Release */ = {
			isa = XCBuildConfiguration;
			buildSettings = {
				ALWAYS_SEARCH_USER_PATHS = NO;
				CLANG_ANALYZER_NONNULL = YES;
				CLANG_ANALYZER_NUMBER_OBJECT_CONVERSION = YES_AGGRESSIVE;
				CLANG_CXX_LANGUAGE_STANDARD = "gnu++20";
				CLANG_ENABLE_MODULES = YES;
				CLANG_ENABLE_OBJC_ARC = YES;
				CLANG_ENABLE_OBJC_WEAK = YES;
				CLANG_WARN_BLOCK_CAPTURE_AUTORELEASING = YES;
				CLANG_WARN_BOOL_CONVERSION = YES;
				CLANG_WARN_COMMA = YES;
				CLANG_WARN_CONSTANT_CONVERSION = YES;
				CLANG_WARN_DEPRECATED_OBJC_IMPLEMENTATIONS = YES;
				CLANG_WARN_DIRECT_OBJC_ISA_USAGE = YES_ERROR;
				CLANG_WARN_DOCUMENTATION_COMMENTS = YES;
				CLANG_WARN_EMPTY_BODY = YES;
				CLANG_WARN_ENUM_CONVERSION = YES;
				CLANG_WARN_INFINITE_RECURSION = YES;
				CLANG_WARN_INT_CONVERSION = YES;
				CLANG_WARN_NON_LITERAL_NULL_CONVERSION = YES;
				CLANG_WARN_OBJC_IMPLICIT_RETAIN_SELF = YES;
				CLANG_WARN_OBJC_LITERAL_CONVERSION = YES;
				CLANG_WARN_OBJC_ROOT_CLASS = YES_ERROR;
				CLANG_WARN_QUOTED_INCLUDE_IN_FRAMEWORK_HEADER = YES;
				CLANG_WARN_RANGE_LOOP_ANALYSIS = YES;
				CLANG_WARN_STRICT_PROTOTYPES = YES;
				CLANG_WARN_SUSPICIOUS_MOVE = YES;
				CLANG_WARN_UNGUARDED_AVAILABILITY = YES_AGGRESSIVE;
				CLANG_WARN_UNREACHABLE_CODE = YES;
				CLANG_WARN__DUPLICATE_METHOD_MATCH = YES;
				COPY_PHASE_STRIP = NO;
				DEBUG_INFORMATION_FORMAT = "dwarf-with-dsym";
				ENABLE_NS_ASSERTIONS = NO;
				ENABLE_STRICT_OBJC_MSGSEND = YES;
				GCC_C_LANGUAGE_STANDARD = gnu11;
				GCC_NO_COMMON_BLOCKS = YES;
				GCC_WARN_64_TO_32_BIT_CONVERSION = YES;
				GCC_WARN_ABOUT_RETURN_TYPE = YES_ERROR;
				GCC_WARN_UNDECLARED_SELECTOR = YES;
				GCC_WARN_UNINITIALIZED_AUTOS = YES_AGGRESSIVE;
				GCC_WARN_UNUSED_FUNCTION = YES;
				GCC_WARN_UNUSED_VARIABLE = YES;
				IPHONEOS_DEPLOYMENT_TARGET = 16.4;
				MTL_ENABLE_DEBUG_INFO = NO;
				MTL_FAST_MATH = YES;
				SDKROOT = iphoneos;
				SWIFT_COMPILATION_MODE = wholemodule;
				SWIFT_OPTIMIZATION_LEVEL = "-O";
				VALIDATE_PRODUCT = YES;
			};
			name = Release;
		};
		043BD3672A02B58000BDF376 /* Debug */ = {
			isa = XCBuildConfiguration;
			buildSettings = {
				ASSETCATALOG_COMPILER_APPICON_NAME = AppIcon;
				ASSETCATALOG_COMPILER_GLOBAL_ACCENT_COLOR_NAME = AccentColor;
				CODE_SIGN_STYLE = Automatic;
				CURRENT_PROJECT_VERSION = 1;
				DEVELOPMENT_ASSET_PATHS = "\"ALP_MoneyManagement/Preview Content\"";
				DEVELOPMENT_TEAM = 2WLKL6VF7R;
				ENABLE_PREVIEWS = YES;
				GENERATE_INFOPLIST_FILE = YES;
				INFOPLIST_KEY_UIApplicationSceneManifest_Generation = YES;
				INFOPLIST_KEY_UIApplicationSupportsIndirectInputEvents = YES;
				INFOPLIST_KEY_UILaunchScreen_Generation = YES;
				INFOPLIST_KEY_UISupportedInterfaceOrientations_iPad = "UIInterfaceOrientationPortrait UIInterfaceOrientationPortraitUpsideDown UIInterfaceOrientationLandscapeLeft UIInterfaceOrientationLandscapeRight";
				INFOPLIST_KEY_UISupportedInterfaceOrientations_iPhone = "UIInterfaceOrientationPortrait UIInterfaceOrientationLandscapeLeft UIInterfaceOrientationLandscapeRight";
				LD_RUNPATH_SEARCH_PATHS = (
					"$(inherited)",
					"@executable_path/Frameworks",
				);
				MARKETING_VERSION = 1.0;
				PRODUCT_BUNDLE_IDENTIFIER = "uc.ALP-MoneyManagement";
				PRODUCT_NAME = "$(TARGET_NAME)";
				SWIFT_EMIT_LOC_STRINGS = YES;
				SWIFT_VERSION = 5.0;
				TARGETED_DEVICE_FAMILY = "1,2";
			};
			name = Debug;
		};
		043BD3682A02B58000BDF376 /* Release */ = {
			isa = XCBuildConfiguration;
			buildSettings = {
				ASSETCATALOG_COMPILER_APPICON_NAME = AppIcon;
				ASSETCATALOG_COMPILER_GLOBAL_ACCENT_COLOR_NAME = AccentColor;
				CODE_SIGN_STYLE = Automatic;
				CURRENT_PROJECT_VERSION = 1;
				DEVELOPMENT_ASSET_PATHS = "\"ALP_MoneyManagement/Preview Content\"";
				DEVELOPMENT_TEAM = 2WLKL6VF7R;
				ENABLE_PREVIEWS = YES;
				GENERATE_INFOPLIST_FILE = YES;
				INFOPLIST_KEY_UIApplicationSceneManifest_Generation = YES;
				INFOPLIST_KEY_UIApplicationSupportsIndirectInputEvents = YES;
				INFOPLIST_KEY_UILaunchScreen_Generation = YES;
				INFOPLIST_KEY_UISupportedInterfaceOrientations_iPad = "UIInterfaceOrientationPortrait UIInterfaceOrientationPortraitUpsideDown UIInterfaceOrientationLandscapeLeft UIInterfaceOrientationLandscapeRight";
				INFOPLIST_KEY_UISupportedInterfaceOrientations_iPhone = "UIInterfaceOrientationPortrait UIInterfaceOrientationLandscapeLeft UIInterfaceOrientationLandscapeRight";
				LD_RUNPATH_SEARCH_PATHS = (
					"$(inherited)",
					"@executable_path/Frameworks",
				);
				MARKETING_VERSION = 1.0;
				PRODUCT_BUNDLE_IDENTIFIER = "uc.ALP-MoneyManagement";
				PRODUCT_NAME = "$(TARGET_NAME)";
				SWIFT_EMIT_LOC_STRINGS = YES;
				SWIFT_VERSION = 5.0;
				TARGETED_DEVICE_FAMILY = "1,2";
			};
			name = Release;
		};
/* End XCBuildConfiguration section */

/* Begin XCConfigurationList section */
		043BD3532A02B57E00BDF376 /* Build configuration list for PBXProject "ALP_MoneyManagement" */ = {
			isa = XCConfigurationList;
			buildConfigurations = (
				043BD3642A02B58000BDF376 /* Debug */,
				043BD3652A02B58000BDF376 /* Release */,
			);
			defaultConfigurationIsVisible = 0;
			defaultConfigurationName = Release;
		};
		043BD3662A02B58000BDF376 /* Build configuration list for PBXNativeTarget "ALP_MoneyManagement" */ = {
			isa = XCConfigurationList;
			buildConfigurations = (
				043BD3672A02B58000BDF376 /* Debug */,
				043BD3682A02B58000BDF376 /* Release */,
			);
			defaultConfigurationIsVisible = 0;
			defaultConfigurationName = Release;
		};
/* End XCConfigurationList section */
	};
	rootObject = 043BD3502A02B57E00BDF376 /* Project object */;
}
