// !$*UTF8*$!
{
	archiveVersion = 1;
	classes = {
	};
	objectVersion = 56;
	objects = {

/* Begin PBXBuildFile section */
		043BD35C2A02B57E00BDF376 /* ALP_MoneyManagementApp.swift in Sources */ = {isa = PBXBuildFile; fileRef = 043BD35B2A02B57E00BDF376 /* ALP_MoneyManagementApp.swift */; };
		043BD35E2A02B57E00BDF376 /* ContentView.swift in Sources */ = {isa = PBXBuildFile; fileRef = 043BD35D2A02B57E00BDF376 /* ContentView.swift */; };
		043BD3602A02B58000BDF376 /* Assets.xcassets in Resources */ = {isa = PBXBuildFile; fileRef = 043BD35F2A02B58000BDF376 /* Assets.xcassets */; };
		043BD3632A02B58000BDF376 /* Preview Assets.xcassets in Resources */ = {isa = PBXBuildFile; fileRef = 043BD3622A02B58000BDF376 /* Preview Assets.xcassets */; };
		043BD36A2A02B5EB00BDF376 /* InputIncome.swift in Sources */ = {isa = PBXBuildFile; fileRef = 043BD3692A02B5EB00BDF376 /* InputIncome.swift */; };
		043BD36F2A02BC1300BDF376 /* incomeData.json in Resources */ = {isa = PBXBuildFile; fileRef = 043BD36D2A02BC1300BDF376 /* incomeData.json */; };
		043BD3702A02BC1300BDF376 /* expensesData.json in Resources */ = {isa = PBXBuildFile; fileRef = 043BD36E2A02BC1300BDF376 /* expensesData.json */; };
		043BD3732A02BC6300BDF376 /* Income.swift in Sources */ = {isa = PBXBuildFile; fileRef = 043BD3722A02BC6300BDF376 /* Income.swift */; };
		043BD3752A02BD0100BDF376 /* Expenses.swift in Sources */ = {isa = PBXBuildFile; fileRef = 043BD3742A02BD0100BDF376 /* Expenses.swift */; };
		043BD3772A02BD2000BDF376 /* ModelData.swift in Sources */ = {isa = PBXBuildFile; fileRef = 043BD3762A02BD2000BDF376 /* ModelData.swift */; };
		043BD37B2A03443100BDF376 /* MainScreen.swift in Sources */ = {isa = PBXBuildFile; fileRef = 043BD37A2A03443100BDF376 /* MainScreen.swift */; };
		043BD37D2A03571500BDF376 /* InputExpenses.swift in Sources */ = {isa = PBXBuildFile; fileRef = 043BD37C2A03571500BDF376 /* InputExpenses.swift */; };
		043BD37F2A035A4B00BDF376 /* InputSavings.swift in Sources */ = {isa = PBXBuildFile; fileRef = 043BD37E2A035A4B00BDF376 /* InputSavings.swift */; };
		043BD3812A038A5200BDF376 /* HistoryView.swift in Sources */ = {isa = PBXBuildFile; fileRef = 043BD3802A038A5200BDF376 /* HistoryView.swift */; };
		043BD38B2A03F9E700BDF376 /* History.swift in Sources */ = {isa = PBXBuildFile; fileRef = 043BD38A2A03F9E700BDF376 /* History.swift */; };
		04DC8D9B2A24F69F002D0489 /* ArticlesRow.swift in Sources */ = {isa = PBXBuildFile; fileRef = 04DC8D9A2A24F69F002D0489 /* ArticlesRow.swift */; };
		04E53B232A1F4948002DB572 /* TransactionView.swift in Sources */ = {isa = PBXBuildFile; fileRef = 04E53B222A1F4948002DB572 /* TransactionView.swift */; };
		04E53B252A1F4C03002DB572 /* IncomeView.swift in Sources */ = {isa = PBXBuildFile; fileRef = 04E53B242A1F4C03002DB572 /* IncomeView.swift */; };
		04E53B292A1F5030002DB572 /* ExpensesView.swift in Sources */ = {isa = PBXBuildFile; fileRef = 04E53B282A1F5030002DB572 /* ExpensesView.swift */; };
		04E53B2B2A1FAFEE002DB572 /* HomeView.swift in Sources */ = {isa = PBXBuildFile; fileRef = 04E53B2A2A1FAFEE002DB572 /* HomeView.swift */; };
		3A01ED762A2784D1009ADD99 /* expensesData.json in Resources */ = {isa = PBXBuildFile; fileRef = 043BD36E2A02BC1300BDF376 /* expensesData.json */; };
		3A01ED772A2784D3009ADD99 /* incomeData.json in Resources */ = {isa = PBXBuildFile; fileRef = 043BD36D2A02BC1300BDF376 /* incomeData.json */; };
		3A01ED792A27854C009ADD99 /* ALP_MoneyManagementApp.swift in Sources */ = {isa = PBXBuildFile; fileRef = 043BD35B2A02B57E00BDF376 /* ALP_MoneyManagementApp.swift */; };
		3A01ED7B2A278736009ADD99 /* SettingsView.swift in Sources */ = {isa = PBXBuildFile; fileRef = 3A01ED7A2A278735009ADD99 /* SettingsView.swift */; };
		3A01ED7D2A2791EF009ADD99 /* Assets.xcassets in Resources */ = {isa = PBXBuildFile; fileRef = 043BD35F2A02B58000BDF376 /* Assets.xcassets */; };
		3A01ED842A27BAB2009ADD99 /* TransactionViewMac.swift in Sources */ = {isa = PBXBuildFile; fileRef = 3A01ED832A27BAB2009ADD99 /* TransactionViewMac.swift */; };
		3A01ED852A27BAD3009ADD99 /* HistoryViewModel.swift in Sources */ = {isa = PBXBuildFile; fileRef = 3AE55B502A256EA30091912E /* HistoryViewModel.swift */; };
		3A01ED902A28424A009ADD99 /* AllIncomeViewMac.swift in Sources */ = {isa = PBXBuildFile; fileRef = 3A01ED8F2A28424A009ADD99 /* AllIncomeViewMac.swift */; };
		3A01ED922A284262009ADD99 /* AllExpensesViewMac.swift in Sources */ = {isa = PBXBuildFile; fileRef = 3A01ED912A284262009ADD99 /* AllExpensesViewMac.swift */; };
		3A01ED942A284341009ADD99 /* InputIncomeMac.swift in Sources */ = {isa = PBXBuildFile; fileRef = 3A01ED932A284341009ADD99 /* InputIncomeMac.swift */; };
		3A01ED982A28E5E5009ADD99 /* InputExpensesMac.swift in Sources */ = {isa = PBXBuildFile; fileRef = 3A01ED972A28E5E5009ADD99 /* InputExpensesMac.swift */; };
		3A19315A2A2AF6A800E755B2 /* MainViewMac.swift in Sources */ = {isa = PBXBuildFile; fileRef = 3A1931592A2AF6A800E755B2 /* MainViewMac.swift */; };
		3A19315C2A2AF7DB00E755B2 /* ArticleViewMac.swift in Sources */ = {isa = PBXBuildFile; fileRef = 3A19315B2A2AF7DB00E755B2 /* ArticleViewMac.swift */; };
		3A1931642A2B9F3900E755B2 /* HistoryViewMac.swift in Sources */ = {isa = PBXBuildFile; fileRef = 3A1931632A2B9F3900E755B2 /* HistoryViewMac.swift */; };
		3A60A85B2A23061D00A3E2EF /* ContentView.swift in Sources */ = {isa = PBXBuildFile; fileRef = 3A60A85A2A23061D00A3E2EF /* ContentView.swift */; };
		3A60A85D2A23062000A3E2EF /* Assets.xcassets in Resources */ = {isa = PBXBuildFile; fileRef = 3A60A85C2A23062000A3E2EF /* Assets.xcassets */; };
		3A60A8602A23062000A3E2EF /* Preview Assets.xcassets in Resources */ = {isa = PBXBuildFile; fileRef = 3A60A85F2A23062000A3E2EF /* Preview Assets.xcassets */; };
		3A8E1EEB2A2120F8004CBE6C /* SwiftUICharts in Frameworks */ = {isa = PBXBuildFile; productRef = 3A8E1EEA2A2120F8004CBE6C /* SwiftUICharts */; };
		3A8E1EEE2A218CFF004CBE6C /* InputIncomeViewModel.swift in Sources */ = {isa = PBXBuildFile; fileRef = 3A8E1EED2A218CFF004CBE6C /* InputIncomeViewModel.swift */; };
		3A8E1EF02A21DD6F004CBE6C /* InputExpensesViewModel.swift in Sources */ = {isa = PBXBuildFile; fileRef = 3A8E1EEF2A21DD6F004CBE6C /* InputExpensesViewModel.swift */; };
		3AE55B512A256EA30091912E /* HistoryViewModel.swift in Sources */ = {isa = PBXBuildFile; fileRef = 3AE55B502A256EA30091912E /* HistoryViewModel.swift */; };
		3AE55B542A2578030091912E /* SwiftUICharts in Frameworks */ = {isa = PBXBuildFile; productRef = 3AE55B532A2578030091912E /* SwiftUICharts */; };
		3AE55B572A2579990091912E /* Income.swift in Sources */ = {isa = PBXBuildFile; fileRef = 043BD3722A02BC6300BDF376 /* Income.swift */; };
		3AE55B582A25799B0091912E /* Expenses.swift in Sources */ = {isa = PBXBuildFile; fileRef = 043BD3742A02BD0100BDF376 /* Expenses.swift */; };
		3AE55B592A25799E0091912E /* ModelData.swift in Sources */ = {isa = PBXBuildFile; fileRef = 043BD3762A02BD2000BDF376 /* ModelData.swift */; };
		3AE55B5A2A2579A00091912E /* History.swift in Sources */ = {isa = PBXBuildFile; fileRef = 043BD38A2A03F9E700BDF376 /* History.swift */; };
		3AE55B5D2A258DE40091912E /* HomeViewMac.swift in Sources */ = {isa = PBXBuildFile; fileRef = 3AE55B5C2A258DE40091912E /* HomeViewMac.swift */; };
		3AE55B5E2A258F7B0091912E /* InputIncomeViewModel.swift in Sources */ = {isa = PBXBuildFile; fileRef = 3A8E1EED2A218CFF004CBE6C /* InputIncomeViewModel.swift */; };
		3AE55B5F2A258F7D0091912E /* InputExpensesViewModel.swift in Sources */ = {isa = PBXBuildFile; fileRef = 3A8E1EEF2A21DD6F004CBE6C /* InputExpensesViewModel.swift */; };
		3AFF7B302A298BA900ADF304 /* InputSavingsMac.swift in Sources */ = {isa = PBXBuildFile; fileRef = 3AFF7B2F2A298BA900ADF304 /* InputSavingsMac.swift */; };
/* End PBXBuildFile section */

/* Begin PBXFileReference section */
		043BD35B2A02B57E00BDF376 /* ALP_MoneyManagementApp.swift */ = {isa = PBXFileReference; lastKnownFileType = sourcecode.swift; path = ALP_MoneyManagementApp.swift; sourceTree = "<group>"; };
		043BD35D2A02B57E00BDF376 /* ContentView.swift */ = {isa = PBXFileReference; lastKnownFileType = sourcecode.swift; path = ContentView.swift; sourceTree = "<group>"; };
		043BD35F2A02B58000BDF376 /* Assets.xcassets */ = {isa = PBXFileReference; lastKnownFileType = folder.assetcatalog; path = Assets.xcassets; sourceTree = "<group>"; };
		043BD3622A02B58000BDF376 /* Preview Assets.xcassets */ = {isa = PBXFileReference; lastKnownFileType = folder.assetcatalog; path = "Preview Assets.xcassets"; sourceTree = "<group>"; };
		043BD3692A02B5EB00BDF376 /* InputIncome.swift */ = {isa = PBXFileReference; lastKnownFileType = sourcecode.swift; path = InputIncome.swift; sourceTree = "<group>"; };
		043BD36D2A02BC1300BDF376 /* incomeData.json */ = {isa = PBXFileReference; fileEncoding = 4; lastKnownFileType = text.json; path = incomeData.json; sourceTree = "<group>"; };
		043BD36E2A02BC1300BDF376 /* expensesData.json */ = {isa = PBXFileReference; fileEncoding = 4; lastKnownFileType = text.json; path = expensesData.json; sourceTree = "<group>"; };
		043BD3722A02BC6300BDF376 /* Income.swift */ = {isa = PBXFileReference; lastKnownFileType = sourcecode.swift; path = Income.swift; sourceTree = "<group>"; };
		043BD3742A02BD0100BDF376 /* Expenses.swift */ = {isa = PBXFileReference; lastKnownFileType = sourcecode.swift; path = Expenses.swift; sourceTree = "<group>"; };
		043BD3762A02BD2000BDF376 /* ModelData.swift */ = {isa = PBXFileReference; lastKnownFileType = sourcecode.swift; path = ModelData.swift; sourceTree = "<group>"; };
		043BD37A2A03443100BDF376 /* MainScreen.swift */ = {isa = PBXFileReference; lastKnownFileType = sourcecode.swift; path = MainScreen.swift; sourceTree = "<group>"; };
		043BD37C2A03571500BDF376 /* InputExpenses.swift */ = {isa = PBXFileReference; lastKnownFileType = sourcecode.swift; path = InputExpenses.swift; sourceTree = "<group>"; };
		043BD37E2A035A4B00BDF376 /* InputSavings.swift */ = {isa = PBXFileReference; lastKnownFileType = sourcecode.swift; path = InputSavings.swift; sourceTree = "<group>"; };
		043BD3802A038A5200BDF376 /* HistoryView.swift */ = {isa = PBXFileReference; lastKnownFileType = sourcecode.swift; path = HistoryView.swift; sourceTree = "<group>"; };
		043BD38A2A03F9E700BDF376 /* History.swift */ = {isa = PBXFileReference; lastKnownFileType = sourcecode.swift; path = History.swift; sourceTree = "<group>"; };
		04AE61882A2A5F890088A9AC /* ALP_MoneyManagement.app */ = {isa = PBXFileReference; explicitFileType = wrapper.application; includeInIndex = 0; name = ALP_MoneyManagement.app; path = "/Users/salsahemat/Desktop/ALP_MoneyManagement/build/Debug-iphoneos/ALP_MoneyManagement.app"; sourceTree = "<absolute>"; };
		04DC8D9A2A24F69F002D0489 /* ArticlesRow.swift */ = {isa = PBXFileReference; lastKnownFileType = sourcecode.swift; path = ArticlesRow.swift; sourceTree = "<group>"; };
		04E53B222A1F4948002DB572 /* TransactionView.swift */ = {isa = PBXFileReference; lastKnownFileType = sourcecode.swift; path = TransactionView.swift; sourceTree = "<group>"; };
		04E53B242A1F4C03002DB572 /* IncomeView.swift */ = {isa = PBXFileReference; lastKnownFileType = sourcecode.swift; path = IncomeView.swift; sourceTree = "<group>"; };
		04E53B282A1F5030002DB572 /* ExpensesView.swift */ = {isa = PBXFileReference; lastKnownFileType = sourcecode.swift; path = ExpensesView.swift; sourceTree = "<group>"; };
		04E53B2A2A1FAFEE002DB572 /* HomeView.swift */ = {isa = PBXFileReference; lastKnownFileType = sourcecode.swift; path = HomeView.swift; sourceTree = "<group>"; };
		3A01ED7A2A278735009ADD99 /* SettingsView.swift */ = {isa = PBXFileReference; lastKnownFileType = sourcecode.swift; path = SettingsView.swift; sourceTree = "<group>"; };
		3A01ED832A27BAB2009ADD99 /* TransactionViewMac.swift */ = {isa = PBXFileReference; lastKnownFileType = sourcecode.swift; path = TransactionViewMac.swift; sourceTree = "<group>"; };
		3A01ED8F2A28424A009ADD99 /* AllIncomeViewMac.swift */ = {isa = PBXFileReference; lastKnownFileType = sourcecode.swift; path = AllIncomeViewMac.swift; sourceTree = "<group>"; };
		3A01ED912A284262009ADD99 /* AllExpensesViewMac.swift */ = {isa = PBXFileReference; lastKnownFileType = sourcecode.swift; path = AllExpensesViewMac.swift; sourceTree = "<group>"; };
		3A01ED932A284341009ADD99 /* InputIncomeMac.swift */ = {isa = PBXFileReference; lastKnownFileType = sourcecode.swift; path = InputIncomeMac.swift; sourceTree = "<group>"; };
		3A01ED972A28E5E5009ADD99 /* InputExpensesMac.swift */ = {isa = PBXFileReference; lastKnownFileType = sourcecode.swift; path = InputExpensesMac.swift; sourceTree = "<group>"; };
		3A1931582A2AEDCD00E755B2 /* MacALP_MoneyManagement.app */ = {isa = PBXFileReference; explicitFileType = wrapper.application; includeInIndex = 0; name = MacALP_MoneyManagement.app; path = /Users/salsahemat/Desktop/ALP_MoneyManagement/build/Debug/MacALP_MoneyManagement.app; sourceTree = "<absolute>"; };
		3A1931592A2AF6A800E755B2 /* MainViewMac.swift */ = {isa = PBXFileReference; lastKnownFileType = sourcecode.swift; path = MainViewMac.swift; sourceTree = "<group>"; };
		3A19315B2A2AF7DB00E755B2 /* ArticleViewMac.swift */ = {isa = PBXFileReference; lastKnownFileType = sourcecode.swift; path = ArticleViewMac.swift; sourceTree = "<group>"; };
		3A1931632A2B9F3900E755B2 /* HistoryViewMac.swift */ = {isa = PBXFileReference; lastKnownFileType = sourcecode.swift; path = HistoryViewMac.swift; sourceTree = "<group>"; };
		3A60A85A2A23061D00A3E2EF /* ContentView.swift */ = {isa = PBXFileReference; lastKnownFileType = sourcecode.swift; path = ContentView.swift; sourceTree = "<group>"; };
		3A60A85C2A23062000A3E2EF /* Assets.xcassets */ = {isa = PBXFileReference; lastKnownFileType = folder.assetcatalog; path = Assets.xcassets; sourceTree = "<group>"; };
		3A60A85F2A23062000A3E2EF /* Preview Assets.xcassets */ = {isa = PBXFileReference; lastKnownFileType = folder.assetcatalog; path = "Preview Assets.xcassets"; sourceTree = "<group>"; };
		3A60A8612A23062000A3E2EF /* MacALP_MoneyManagement.entitlements */ = {isa = PBXFileReference; lastKnownFileType = text.plist.entitlements; path = MacALP_MoneyManagement.entitlements; sourceTree = "<group>"; };
		3A8E1EED2A218CFF004CBE6C /* InputIncomeViewModel.swift */ = {isa = PBXFileReference; lastKnownFileType = sourcecode.swift; path = InputIncomeViewModel.swift; sourceTree = "<group>"; };
		3A8E1EEF2A21DD6F004CBE6C /* InputExpensesViewModel.swift */ = {isa = PBXFileReference; lastKnownFileType = sourcecode.swift; path = InputExpensesViewModel.swift; sourceTree = "<group>"; };
		3AE55B502A256EA30091912E /* HistoryViewModel.swift */ = {isa = PBXFileReference; lastKnownFileType = sourcecode.swift; path = HistoryViewModel.swift; sourceTree = "<group>"; };
		3AE55B5C2A258DE40091912E /* HomeViewMac.swift */ = {isa = PBXFileReference; lastKnownFileType = sourcecode.swift; path = HomeViewMac.swift; sourceTree = "<group>"; };
		3AFF7B2F2A298BA900ADF304 /* InputSavingsMac.swift */ = {isa = PBXFileReference; lastKnownFileType = sourcecode.swift; path = InputSavingsMac.swift; sourceTree = "<group>"; };
/* End PBXFileReference section */

/* Begin PBXFrameworksBuildPhase section */
		043BD3552A02B57E00BDF376 /* Frameworks */ = {
			isa = PBXFrameworksBuildPhase;
			buildActionMask = 2147483647;
			files = (
				3A8E1EEB2A2120F8004CBE6C /* SwiftUICharts in Frameworks */,
			);
			runOnlyForDeploymentPostprocessing = 0;
		};
		3A60A8532A23061D00A3E2EF /* Frameworks */ = {
			isa = PBXFrameworksBuildPhase;
			buildActionMask = 2147483647;
			files = (
				3AE55B542A2578030091912E /* SwiftUICharts in Frameworks */,
			);
			runOnlyForDeploymentPostprocessing = 0;
		};
/* End PBXFrameworksBuildPhase section */

/* Begin PBXGroup section */
		043BD34F2A02B57E00BDF376 = {
			isa = PBXGroup;
			children = (
				043BD35A2A02B57E00BDF376 /* ALP_MoneyManagement */,
				3A60A8572A23061D00A3E2EF /* MacALP_MoneyManagement */,
			);
			sourceTree = "<group>";
		};
		043BD35A2A02B57E00BDF376 /* ALP_MoneyManagement */ = {
			isa = PBXGroup;
			children = (
				043BD35B2A02B57E00BDF376 /* ALP_MoneyManagementApp.swift */,
				043BD3712A02BC3200BDF376 /* Model */,
				043BD36C2A02BBC700BDF376 /* Views */,
				3A8E1EEC2A218CCD004CBE6C /* ViewModel */,
				043BD36B2A02BBB700BDF376 /* Resources */,
				043BD35F2A02B58000BDF376 /* Assets.xcassets */,
				043BD3612A02B58000BDF376 /* Preview Content */,
			);
			path = ALP_MoneyManagement;
			sourceTree = "<group>";
		};
		043BD3612A02B58000BDF376 /* Preview Content */ = {
			isa = PBXGroup;
			children = (
				043BD3622A02B58000BDF376 /* Preview Assets.xcassets */,
			);
			path = "Preview Content";
			sourceTree = "<group>";
		};
		043BD36B2A02BBB700BDF376 /* Resources */ = {
			isa = PBXGroup;
			children = (
				043BD36E2A02BC1300BDF376 /* expensesData.json */,
				043BD36D2A02BC1300BDF376 /* incomeData.json */,
			);
			path = Resources;
			sourceTree = "<group>";
		};
		043BD36C2A02BBC700BDF376 /* Views */ = {
			isa = PBXGroup;
			children = (
				043BD3692A02B5EB00BDF376 /* InputIncome.swift */,
				043BD37C2A03571500BDF376 /* InputExpenses.swift */,
				043BD37E2A035A4B00BDF376 /* InputSavings.swift */,
				043BD3802A038A5200BDF376 /* HistoryView.swift */,
				043BD35D2A02B57E00BDF376 /* ContentView.swift */,
				043BD37A2A03443100BDF376 /* MainScreen.swift */,
				04E53B222A1F4948002DB572 /* TransactionView.swift */,
				04E53B242A1F4C03002DB572 /* IncomeView.swift */,
				04E53B282A1F5030002DB572 /* ExpensesView.swift */,
				04E53B2A2A1FAFEE002DB572 /* HomeView.swift */,
				04DC8D9A2A24F69F002D0489 /* ArticlesRow.swift */,
			);
			path = Views;
			sourceTree = "<group>";
		};
		043BD3712A02BC3200BDF376 /* Model */ = {
			isa = PBXGroup;
			children = (
				043BD3722A02BC6300BDF376 /* Income.swift */,
				043BD3742A02BD0100BDF376 /* Expenses.swift */,
				043BD3762A02BD2000BDF376 /* ModelData.swift */,
				043BD38A2A03F9E700BDF376 /* History.swift */,
			);
			path = Model;
			sourceTree = "<group>";
		};
		3A01ED992A28E6AC009ADD99 /* Income */ = {
			isa = PBXGroup;
			children = (
				3A01ED8F2A28424A009ADD99 /* AllIncomeViewMac.swift */,
				3A01ED932A284341009ADD99 /* InputIncomeMac.swift */,
			);
			path = Income;
			sourceTree = "<group>";
		};
		3A01ED9A2A28E6B2009ADD99 /* Expenses */ = {
			isa = PBXGroup;
			children = (
				3A01ED912A284262009ADD99 /* AllExpensesViewMac.swift */,
				3A01ED972A28E5E5009ADD99 /* InputExpensesMac.swift */,
			);
			path = Expenses;
			sourceTree = "<group>";
		};
		3A60A8572A23061D00A3E2EF /* MacALP_MoneyManagement */ = {
			isa = PBXGroup;
			children = (
				3A19315B2A2AF7DB00E755B2 /* ArticleViewMac.swift */,
				3A01ED9A2A28E6B2009ADD99 /* Expenses */,
				3A01ED992A28E6AC009ADD99 /* Income */,
				3A60A85A2A23061D00A3E2EF /* ContentView.swift */,
				3AE55B5C2A258DE40091912E /* HomeViewMac.swift */,
				3A01ED7A2A278735009ADD99 /* SettingsView.swift */,
				3A01ED832A27BAB2009ADD99 /* TransactionViewMac.swift */,
				3A60A85C2A23062000A3E2EF /* Assets.xcassets */,
				3A60A8612A23062000A3E2EF /* MacALP_MoneyManagement.entitlements */,
				3A60A85E2A23062000A3E2EF /* Preview Content */,
				3AFF7B2F2A298BA900ADF304 /* InputSavingsMac.swift */,
				3A1931592A2AF6A800E755B2 /* MainViewMac.swift */,
				3A1931632A2B9F3900E755B2 /* HistoryViewMac.swift */,
			);
			path = MacALP_MoneyManagement;
			sourceTree = "<group>";
		};
		3A60A85E2A23062000A3E2EF /* Preview Content */ = {
			isa = PBXGroup;
			children = (
				3A60A85F2A23062000A3E2EF /* Preview Assets.xcassets */,
			);
			path = "Preview Content";
			sourceTree = "<group>";
		};
		3A8E1EEC2A218CCD004CBE6C /* ViewModel */ = {
			isa = PBXGroup;
			children = (
				3A8E1EED2A218CFF004CBE6C /* InputIncomeViewModel.swift */,
				3A8E1EEF2A21DD6F004CBE6C /* InputExpensesViewModel.swift */,
				3AE55B502A256EA30091912E /* HistoryViewModel.swift */,
			);
			path = ViewModel;
			sourceTree = "<group>";
		};
/* End PBXGroup section */

/* Begin PBXNativeTarget section */
		043BD3572A02B57E00BDF376 /* ALP_MoneyManagement */ = {
			isa = PBXNativeTarget;
			buildConfigurationList = 043BD3662A02B58000BDF376 /* Build configuration list for PBXNativeTarget "ALP_MoneyManagement" */;
			buildPhases = (
				043BD3542A02B57E00BDF376 /* Sources */,
				043BD3552A02B57E00BDF376 /* Frameworks */,
				043BD3562A02B57E00BDF376 /* Resources */,
			);
			buildRules = (
			);
			dependencies = (
			);
			name = ALP_MoneyManagement;
			packageProductDependencies = (
				3A8E1EEA2A2120F8004CBE6C /* SwiftUICharts */,
			);
			productName = ALP_MoneyManagement;
			productReference = 04AE61882A2A5F890088A9AC /* ALP_MoneyManagement.app */;
			productType = "com.apple.product-type.application";
		};
		3A60A8552A23061D00A3E2EF /* MacALP_MoneyManagement */ = {
			isa = PBXNativeTarget;
			buildConfigurationList = 3A60A8622A23062000A3E2EF /* Build configuration list for PBXNativeTarget "MacALP_MoneyManagement" */;
			buildPhases = (
				3A60A8522A23061D00A3E2EF /* Sources */,
				3A60A8532A23061D00A3E2EF /* Frameworks */,
				3A60A8542A23061D00A3E2EF /* Resources */,
			);
			buildRules = (
			);
			dependencies = (
			);
			name = MacALP_MoneyManagement;
			packageProductDependencies = (
				3AE55B532A2578030091912E /* SwiftUICharts */,
			);
			productName = MacALP_MoneyManagement;
			productReference = 3A1931582A2AEDCD00E755B2 /* MacALP_MoneyManagement.app */;
			productType = "com.apple.product-type.application";
		};
/* End PBXNativeTarget section */

/* Begin PBXProject section */
		043BD3502A02B57E00BDF376 /* Project object */ = {
			isa = PBXProject;
			attributes = {
				BuildIndependentTargetsInParallel = 1;
				LastSwiftUpdateCheck = 1430;
				LastUpgradeCheck = 1430;
				TargetAttributes = {
					043BD3572A02B57E00BDF376 = {
						CreatedOnToolsVersion = 14.3;
					};
					3A60A8552A23061D00A3E2EF = {
						CreatedOnToolsVersion = 14.3;
					};
				};
			};
			buildConfigurationList = 043BD3532A02B57E00BDF376 /* Build configuration list for PBXProject "ALP_MoneyManagement" */;
			compatibilityVersion = "Xcode 14.0";
			developmentRegion = en;
			hasScannedForEncodings = 0;
			knownRegions = (
				en,
				Base,
			);
			mainGroup = 043BD34F2A02B57E00BDF376;
			packageReferences = (
				3A8E1EE92A2120F8004CBE6C /* XCRemoteSwiftPackageReference "ChartView" */,
			);
			productRefGroup = 043BD34F2A02B57E00BDF376;
			projectDirPath = "";
			projectRoot = "";
			targets = (
				043BD3572A02B57E00BDF376 /* ALP_MoneyManagement */,
				3A60A8552A23061D00A3E2EF /* MacALP_MoneyManagement */,
			);
		};
/* End PBXProject section */

/* Begin PBXResourcesBuildPhase section */
		043BD3562A02B57E00BDF376 /* Resources */ = {
			isa = PBXResourcesBuildPhase;
			buildActionMask = 2147483647;
			files = (
				043BD3632A02B58000BDF376 /* Preview Assets.xcassets in Resources */,
				043BD36F2A02BC1300BDF376 /* incomeData.json in Resources */,
				043BD3702A02BC1300BDF376 /* expensesData.json in Resources */,
				043BD3602A02B58000BDF376 /* Assets.xcassets in Resources */,
			);
			runOnlyForDeploymentPostprocessing = 0;
		};
		3A60A8542A23061D00A3E2EF /* Resources */ = {
			isa = PBXResourcesBuildPhase;
			buildActionMask = 2147483647;
			files = (
				3A01ED772A2784D3009ADD99 /* incomeData.json in Resources */,
				3A60A8602A23062000A3E2EF /* Preview Assets.xcassets in Resources */,
				3A01ED762A2784D1009ADD99 /* expensesData.json in Resources */,
				3A60A85D2A23062000A3E2EF /* Assets.xcassets in Resources */,
				3A01ED7D2A2791EF009ADD99 /* Assets.xcassets in Resources */,
			);
			runOnlyForDeploymentPostprocessing = 0;
		};
/* End PBXResourcesBuildPhase section */

/* Begin PBXSourcesBuildPhase section */
		043BD3542A02B57E00BDF376 /* Sources */ = {
			isa = PBXSourcesBuildPhase;
			buildActionMask = 2147483647;
			files = (
				043BD37B2A03443100BDF376 /* MainScreen.swift in Sources */,
				043BD37D2A03571500BDF376 /* InputExpenses.swift in Sources */,
				043BD38B2A03F9E700BDF376 /* History.swift in Sources */,
				3A8E1EEE2A218CFF004CBE6C /* InputIncomeViewModel.swift in Sources */,
				04E53B2B2A1FAFEE002DB572 /* HomeView.swift in Sources */,
				3AE55B512A256EA30091912E /* HistoryViewModel.swift in Sources */,
				04E53B292A1F5030002DB572 /* ExpensesView.swift in Sources */,
				043BD3752A02BD0100BDF376 /* Expenses.swift in Sources */,
				04DC8D9B2A24F69F002D0489 /* ArticlesRow.swift in Sources */,
				043BD37F2A035A4B00BDF376 /* InputSavings.swift in Sources */,
				04E53B232A1F4948002DB572 /* TransactionView.swift in Sources */,
				04E53B252A1F4C03002DB572 /* IncomeView.swift in Sources */,
				043BD3812A038A5200BDF376 /* HistoryView.swift in Sources */,
				043BD36A2A02B5EB00BDF376 /* InputIncome.swift in Sources */,
				3A8E1EF02A21DD6F004CBE6C /* InputExpensesViewModel.swift in Sources */,
				043BD35E2A02B57E00BDF376 /* ContentView.swift in Sources */,
				043BD3732A02BC6300BDF376 /* Income.swift in Sources */,
				043BD35C2A02B57E00BDF376 /* ALP_MoneyManagementApp.swift in Sources */,
				043BD3772A02BD2000BDF376 /* ModelData.swift in Sources */,
			);
			runOnlyForDeploymentPostprocessing = 0;
		};
		3A60A8522A23061D00A3E2EF /* Sources */ = {
			isa = PBXSourcesBuildPhase;
			buildActionMask = 2147483647;
			files = (
				3A01ED842A27BAB2009ADD99 /* TransactionViewMac.swift in Sources */,
				3A1931642A2B9F3900E755B2 /* HistoryViewMac.swift in Sources */,
				3AE55B5A2A2579A00091912E /* History.swift in Sources */,
				3A01ED792A27854C009ADD99 /* ALP_MoneyManagementApp.swift in Sources */,
				3A01ED922A284262009ADD99 /* AllExpensesViewMac.swift in Sources */,
				3AE55B582A25799B0091912E /* Expenses.swift in Sources */,
				3AE55B5D2A258DE40091912E /* HomeViewMac.swift in Sources */,
				3A19315A2A2AF6A800E755B2 /* MainViewMac.swift in Sources */,
				3AE55B5F2A258F7D0091912E /* InputExpensesViewModel.swift in Sources */,
				3AE55B592A25799E0091912E /* ModelData.swift in Sources */,
				3A01ED982A28E5E5009ADD99 /* InputExpensesMac.swift in Sources */,
				3AE55B5E2A258F7B0091912E /* InputIncomeViewModel.swift in Sources */,
				3A01ED942A284341009ADD99 /* InputIncomeMac.swift in Sources */,
				3AE55B572A2579990091912E /* Income.swift in Sources */,
				3A60A85B2A23061D00A3E2EF /* ContentView.swift in Sources */,
				3A01ED902A28424A009ADD99 /* AllIncomeViewMac.swift in Sources */,
				3A01ED7B2A278736009ADD99 /* SettingsView.swift in Sources */,
				3A01ED852A27BAD3009ADD99 /* HistoryViewModel.swift in Sources */,
				3AFF7B302A298BA900ADF304 /* InputSavingsMac.swift in Sources */,
				3A19315C2A2AF7DB00E755B2 /* ArticleViewMac.swift in Sources */,
			);
			runOnlyForDeploymentPostprocessing = 0;
		};
/* End PBXSourcesBuildPhase section */

/* Begin XCBuildConfiguration section */
		043BD3642A02B58000BDF376 /* Debug */ = {
			isa = XCBuildConfiguration;
			buildSettings = {
				ALWAYS_SEARCH_USER_PATHS = NO;
				CLANG_ANALYZER_NONNULL = YES;
				CLANG_ANALYZER_NUMBER_OBJECT_CONVERSION = YES_AGGRESSIVE;
				CLANG_CXX_LANGUAGE_STANDARD = "gnu++20";
				CLANG_ENABLE_MODULES = YES;
				CLANG_ENABLE_OBJC_ARC = YES;
				CLANG_ENABLE_OBJC_WEAK = YES;
				CLANG_WARN_BLOCK_CAPTURE_AUTORELEASING = YES;
				CLANG_WARN_BOOL_CONVERSION = YES;
				CLANG_WARN_COMMA = YES;
				CLANG_WARN_CONSTANT_CONVERSION = YES;
				CLANG_WARN_DEPRECATED_OBJC_IMPLEMENTATIONS = YES;
				CLANG_WARN_DIRECT_OBJC_ISA_USAGE = YES_ERROR;
				CLANG_WARN_DOCUMENTATION_COMMENTS = YES;
				CLANG_WARN_EMPTY_BODY = YES;
				CLANG_WARN_ENUM_CONVERSION = YES;
				CLANG_WARN_INFINITE_RECURSION = YES;
				CLANG_WARN_INT_CONVERSION = YES;
				CLANG_WARN_NON_LITERAL_NULL_CONVERSION = YES;
				CLANG_WARN_OBJC_IMPLICIT_RETAIN_SELF = YES;
				CLANG_WARN_OBJC_LITERAL_CONVERSION = YES;
				CLANG_WARN_OBJC_ROOT_CLASS = YES_ERROR;
				CLANG_WARN_QUOTED_INCLUDE_IN_FRAMEWORK_HEADER = YES;
				CLANG_WARN_RANGE_LOOP_ANALYSIS = YES;
				CLANG_WARN_STRICT_PROTOTYPES = YES;
				CLANG_WARN_SUSPICIOUS_MOVE = YES;
				CLANG_WARN_UNGUARDED_AVAILABILITY = YES_AGGRESSIVE;
				CLANG_WARN_UNREACHABLE_CODE = YES;
				CLANG_WARN__DUPLICATE_METHOD_MATCH = YES;
				COPY_PHASE_STRIP = NO;
				DEBUG_INFORMATION_FORMAT = dwarf;
				ENABLE_STRICT_OBJC_MSGSEND = YES;
				ENABLE_TESTABILITY = YES;
				GCC_C_LANGUAGE_STANDARD = gnu11;
				GCC_DYNAMIC_NO_PIC = NO;
				GCC_NO_COMMON_BLOCKS = YES;
				GCC_OPTIMIZATION_LEVEL = 0;
				GCC_PREPROCESSOR_DEFINITIONS = (
					"DEBUG=1",
					"$(inherited)",
				);
				GCC_WARN_64_TO_32_BIT_CONVERSION = YES;
				GCC_WARN_ABOUT_RETURN_TYPE = YES_ERROR;
				GCC_WARN_UNDECLARED_SELECTOR = YES;
				GCC_WARN_UNINITIALIZED_AUTOS = YES_AGGRESSIVE;
				GCC_WARN_UNUSED_FUNCTION = YES;
				GCC_WARN_UNUSED_VARIABLE = YES;
				IPHONEOS_DEPLOYMENT_TARGET = 16.4;
				MACOSX_DEPLOYMENT_TARGET = 13.3;
				MTL_ENABLE_DEBUG_INFO = INCLUDE_SOURCE;
				MTL_FAST_MATH = YES;
				ONLY_ACTIVE_ARCH = YES;
				SDKROOT = iphoneos;
				SWIFT_ACTIVE_COMPILATION_CONDITIONS = DEBUG;
				SWIFT_OPTIMIZATION_LEVEL = "-Onone";
			};
			name = Debug;
		};
		043BD3652A02B58000BDF376 /* Release */ = {
			isa = XCBuildConfiguration;
			buildSettings = {
				ALWAYS_SEARCH_USER_PATHS = NO;
				CLANG_ANALYZER_NONNULL = YES;
				CLANG_ANALYZER_NUMBER_OBJECT_CONVERSION = YES_AGGRESSIVE;
				CLANG_CXX_LANGUAGE_STANDARD = "gnu++20";
				CLANG_ENABLE_MODULES = YES;
				CLANG_ENABLE_OBJC_ARC = YES;
				CLANG_ENABLE_OBJC_WEAK = YES;
				CLANG_WARN_BLOCK_CAPTURE_AUTORELEASING = YES;
				CLANG_WARN_BOOL_CONVERSION = YES;
				CLANG_WARN_COMMA = YES;
				CLANG_WARN_CONSTANT_CONVERSION = YES;
				CLANG_WARN_DEPRECATED_OBJC_IMPLEMENTATIONS = YES;
				CLANG_WARN_DIRECT_OBJC_ISA_USAGE = YES_ERROR;
				CLANG_WARN_DOCUMENTATION_COMMENTS = YES;
				CLANG_WARN_EMPTY_BODY = YES;
				CLANG_WARN_ENUM_CONVERSION = YES;
				CLANG_WARN_INFINITE_RECURSION = YES;
				CLANG_WARN_INT_CONVERSION = YES;
				CLANG_WARN_NON_LITERAL_NULL_CONVERSION = YES;
				CLANG_WARN_OBJC_IMPLICIT_RETAIN_SELF = YES;
				CLANG_WARN_OBJC_LITERAL_CONVERSION = YES;
				CLANG_WARN_OBJC_ROOT_CLASS = YES_ERROR;
				CLANG_WARN_QUOTED_INCLUDE_IN_FRAMEWORK_HEADER = YES;
				CLANG_WARN_RANGE_LOOP_ANALYSIS = YES;
				CLANG_WARN_STRICT_PROTOTYPES = YES;
				CLANG_WARN_SUSPICIOUS_MOVE = YES;
				CLANG_WARN_UNGUARDED_AVAILABILITY = YES_AGGRESSIVE;
				CLANG_WARN_UNREACHABLE_CODE = YES;
				CLANG_WARN__DUPLICATE_METHOD_MATCH = YES;
				COPY_PHASE_STRIP = NO;
				DEBUG_INFORMATION_FORMAT = "dwarf-with-dsym";
				ENABLE_NS_ASSERTIONS = NO;
				ENABLE_STRICT_OBJC_MSGSEND = YES;
				GCC_C_LANGUAGE_STANDARD = gnu11;
				GCC_NO_COMMON_BLOCKS = YES;
				GCC_WARN_64_TO_32_BIT_CONVERSION = YES;
				GCC_WARN_ABOUT_RETURN_TYPE = YES_ERROR;
				GCC_WARN_UNDECLARED_SELECTOR = YES;
				GCC_WARN_UNINITIALIZED_AUTOS = YES_AGGRESSIVE;
				GCC_WARN_UNUSED_FUNCTION = YES;
				GCC_WARN_UNUSED_VARIABLE = YES;
				IPHONEOS_DEPLOYMENT_TARGET = 16.4;
				MACOSX_DEPLOYMENT_TARGET = 13.3;
				MTL_ENABLE_DEBUG_INFO = NO;
				MTL_FAST_MATH = YES;
				SDKROOT = iphoneos;
				SWIFT_COMPILATION_MODE = wholemodule;
				SWIFT_OPTIMIZATION_LEVEL = "-O";
				VALIDATE_PRODUCT = YES;
			};
			name = Release;
		};
		043BD3672A02B58000BDF376 /* Debug */ = {
			isa = XCBuildConfiguration;
			buildSettings = {
				ASSETCATALOG_COMPILER_APPICON_NAME = AppIcon;
				ASSETCATALOG_COMPILER_GLOBAL_ACCENT_COLOR_NAME = AccentColor;
				CODE_SIGN_STYLE = Automatic;
				CURRENT_PROJECT_VERSION = 1;
				DEVELOPMENT_ASSET_PATHS = "\"ALP_MoneyManagement/Preview Content\"";
				DEVELOPMENT_TEAM = 7SU4KK4G7H;
				ENABLE_PREVIEWS = YES;
				GENERATE_INFOPLIST_FILE = YES;
				INFOPLIST_FILE = "ALP-MoneyManagement-Info.plist";
				INFOPLIST_KEY_LSApplicationCategoryType = "";
				INFOPLIST_KEY_UIApplicationSceneManifest_Generation = YES;
				INFOPLIST_KEY_UIApplicationSupportsIndirectInputEvents = YES;
				INFOPLIST_KEY_UILaunchStoryboardName = LauchScreen.swift;
				INFOPLIST_KEY_UIStatusBarStyle = "";
				INFOPLIST_KEY_UISupportedInterfaceOrientations_iPad = "UIInterfaceOrientationPortrait UIInterfaceOrientationPortraitUpsideDown UIInterfaceOrientationLandscapeLeft UIInterfaceOrientationLandscapeRight";
				INFOPLIST_KEY_UISupportedInterfaceOrientations_iPhone = "UIInterfaceOrientationPortrait UIInterfaceOrientationLandscapeLeft UIInterfaceOrientationLandscapeRight";
				IPHONEOS_DEPLOYMENT_TARGET = 16.2;
				LD_RUNPATH_SEARCH_PATHS = (
					"$(inherited)",
					"@executable_path/Frameworks",
				);
				MARKETING_VERSION = 1.0;
				PRODUCT_BUNDLE_IDENTIFIER = "uc.ALP-MoneyManagement";
				PRODUCT_NAME = "$(TARGET_NAME)";
				SUPPORTED_PLATFORMS = "iphoneos iphonesimulator";
				SUPPORTS_MACCATALYST = NO;
				SUPPORTS_MAC_DESIGNED_FOR_IPHONE_IPAD = NO;
				SWIFT_EMIT_LOC_STRINGS = YES;
				SWIFT_VERSION = 5.0;
				TARGETED_DEVICE_FAMILY = "1,2";
			};
			name = Debug;
		};
		043BD3682A02B58000BDF376 /* Release */ = {
			isa = XCBuildConfiguration;
			buildSettings = {
				ASSETCATALOG_COMPILER_APPICON_NAME = AppIcon;
				ASSETCATALOG_COMPILER_GLOBAL_ACCENT_COLOR_NAME = AccentColor;
				CODE_SIGN_STYLE = Automatic;
				CURRENT_PROJECT_VERSION = 1;
				DEVELOPMENT_ASSET_PATHS = "\"ALP_MoneyManagement/Preview Content\"";
				DEVELOPMENT_TEAM = 7SU4KK4G7H;
				ENABLE_PREVIEWS = YES;
				GENERATE_INFOPLIST_FILE = YES;
				INFOPLIST_FILE = "ALP-MoneyManagement-Info.plist";
				INFOPLIST_KEY_LSApplicationCategoryType = "";
				INFOPLIST_KEY_UIApplicationSceneManifest_Generation = YES;
				INFOPLIST_KEY_UIApplicationSupportsIndirectInputEvents = YES;
				INFOPLIST_KEY_UILaunchStoryboardName = LauchScreen.swift;
				INFOPLIST_KEY_UIStatusBarStyle = "";
				INFOPLIST_KEY_UISupportedInterfaceOrientations_iPad = "UIInterfaceOrientationPortrait UIInterfaceOrientationPortraitUpsideDown UIInterfaceOrientationLandscapeLeft UIInterfaceOrientationLandscapeRight";
				INFOPLIST_KEY_UISupportedInterfaceOrientations_iPhone = "UIInterfaceOrientationPortrait UIInterfaceOrientationLandscapeLeft UIInterfaceOrientationLandscapeRight";
				IPHONEOS_DEPLOYMENT_TARGET = 16.2;
				LD_RUNPATH_SEARCH_PATHS = (
					"$(inherited)",
					"@executable_path/Frameworks",
				);
				MARKETING_VERSION = 1.0;
				PRODUCT_BUNDLE_IDENTIFIER = "uc.ALP-MoneyManagement";
				PRODUCT_NAME = "$(TARGET_NAME)";
				SUPPORTED_PLATFORMS = "iphoneos iphonesimulator";
				SUPPORTS_MACCATALYST = NO;
				SUPPORTS_MAC_DESIGNED_FOR_IPHONE_IPAD = NO;
				SWIFT_EMIT_LOC_STRINGS = YES;
				SWIFT_VERSION = 5.0;
				TARGETED_DEVICE_FAMILY = "1,2";
			};
			name = Release;
		};
		3A60A8632A23062000A3E2EF /* Debug */ = {
			isa = XCBuildConfiguration;
			buildSettings = {
				ASSETCATALOG_COMPILER_APPICON_NAME = AppIcon;
				ASSETCATALOG_COMPILER_GLOBAL_ACCENT_COLOR_NAME = AccentColor;
				CODE_SIGN_ENTITLEMENTS = MacALP_MoneyManagement/MacALP_MoneyManagement.entitlements;
				CODE_SIGN_STYLE = Automatic;
				COMBINE_HIDPI_IMAGES = YES;
				CURRENT_PROJECT_VERSION = 1;
				DEVELOPMENT_ASSET_PATHS = "\"MacALP_MoneyManagement/Preview Content\"";
				DEVELOPMENT_TEAM = 7SU4KK4G7H;
				ENABLE_HARDENED_RUNTIME = YES;
				ENABLE_PREVIEWS = YES;
				GENERATE_INFOPLIST_FILE = YES;
				INFOPLIST_KEY_NSHumanReadableCopyright = "";
				LD_RUNPATH_SEARCH_PATHS = (
					"$(inherited)",
					"@executable_path/../Frameworks",
				);
				MACOSX_DEPLOYMENT_TARGET = 13.0;
				MARKETING_VERSION = 1.0;
				PRODUCT_BUNDLE_IDENTIFIER = "uc.MacALP-MoneyManagement";
				PRODUCT_NAME = "$(TARGET_NAME)";
				SDKROOT = macosx;
				SWIFT_EMIT_LOC_STRINGS = YES;
				SWIFT_VERSION = 5.0;
			};
			name = Debug;
		};
		3A60A8642A23062000A3E2EF /* Release */ = {
			isa = XCBuildConfiguration;
			buildSettings = {
				ASSETCATALOG_COMPILER_APPICON_NAME = AppIcon;
				ASSETCATALOG_COMPILER_GLOBAL_ACCENT_COLOR_NAME = AccentColor;
				CODE_SIGN_ENTITLEMENTS = MacALP_MoneyManagement/MacALP_MoneyManagement.entitlements;
				CODE_SIGN_STYLE = Automatic;
				COMBINE_HIDPI_IMAGES = YES;
				CURRENT_PROJECT_VERSION = 1;
				DEVELOPMENT_ASSET_PATHS = "\"MacALP_MoneyManagement/Preview Content\"";
				DEVELOPMENT_TEAM = 7SU4KK4G7H;
				ENABLE_HARDENED_RUNTIME = YES;
				ENABLE_PREVIEWS = YES;
				GENERATE_INFOPLIST_FILE = YES;
				INFOPLIST_KEY_NSHumanReadableCopyright = "";
				LD_RUNPATH_SEARCH_PATHS = (
					"$(inherited)",
					"@executable_path/../Frameworks",
				);
				MACOSX_DEPLOYMENT_TARGET = 13.0;
				MARKETING_VERSION = 1.0;
				PRODUCT_BUNDLE_IDENTIFIER = "uc.MacALP-MoneyManagement";
				PRODUCT_NAME = "$(TARGET_NAME)";
				SDKROOT = macosx;
				SWIFT_EMIT_LOC_STRINGS = YES;
				SWIFT_VERSION = 5.0;
			};
			name = Release;
		};
/* End XCBuildConfiguration section */

/* Begin XCConfigurationList section */
		043BD3532A02B57E00BDF376 /* Build configuration list for PBXProject "ALP_MoneyManagement" */ = {
			isa = XCConfigurationList;
			buildConfigurations = (
				043BD3642A02B58000BDF376 /* Debug */,
				043BD3652A02B58000BDF376 /* Release */,
			);
			defaultConfigurationIsVisible = 0;
			defaultConfigurationName = Release;
		};
		043BD3662A02B58000BDF376 /* Build configuration list for PBXNativeTarget "ALP_MoneyManagement" */ = {
			isa = XCConfigurationList;
			buildConfigurations = (
				043BD3672A02B58000BDF376 /* Debug */,
				043BD3682A02B58000BDF376 /* Release */,
			);
			defaultConfigurationIsVisible = 0;
			defaultConfigurationName = Release;
		};
		3A60A8622A23062000A3E2EF /* Build configuration list for PBXNativeTarget "MacALP_MoneyManagement" */ = {
			isa = XCConfigurationList;
			buildConfigurations = (
				3A60A8632A23062000A3E2EF /* Debug */,
				3A60A8642A23062000A3E2EF /* Release */,
			);
			defaultConfigurationIsVisible = 0;
			defaultConfigurationName = Release;
		};
/* End XCConfigurationList section */

/* Begin XCRemoteSwiftPackageReference section */
		3A8E1EE92A2120F8004CBE6C /* XCRemoteSwiftPackageReference "ChartView" */ = {
			isa = XCRemoteSwiftPackageReference;
			repositoryURL = "https://github.com/AppPear/ChartView";
			requirement = {
				kind = upToNextMajorVersion;
				minimumVersion = 1.0.0;
			};
		};
/* End XCRemoteSwiftPackageReference section */

/* Begin XCSwiftPackageProductDependency section */
		3A8E1EEA2A2120F8004CBE6C /* SwiftUICharts */ = {
			isa = XCSwiftPackageProductDependency;
			package = 3A8E1EE92A2120F8004CBE6C /* XCRemoteSwiftPackageReference "ChartView" */;
			productName = SwiftUICharts;
		};
		3AE55B532A2578030091912E /* SwiftUICharts */ = {
			isa = XCSwiftPackageProductDependency;
			package = 3A8E1EE92A2120F8004CBE6C /* XCRemoteSwiftPackageReference "ChartView" */;
			productName = SwiftUICharts;
		};
/* End XCSwiftPackageProductDependency section */
	};
	rootObject = 043BD3502A02B57E00BDF376 /* Project object */;
}
